
Microsoft Visual Studio Solution File, Format Version 12.00
# Visual Studio Version 16
VisualStudioVersion = 16.0.28729.10
MinimumVisualStudioVersion = 10.0.40219.1
Project("{FAE04EC0-301F-11D3-BF4B-00C04F79EFBC}") = "TextureEditor", "TextureEditor\TextureEditor.csproj", "{6D26F189-2C85-4004-8E4A-6FD1242B8667}"
EndProject
Global
	GlobalSection(SolutionConfigurationPlatforms) = preSolution
		Debug|Any CPU = Debug|Any CPU
		Debug|x86 = Debug|x86
		Release|Any CPU = Release|Any CPU
		Release|x86 = Release|x86
	EndGlobalSection
	GlobalSection(ProjectConfigurationPlatforms) = postSolution
		{6D26F189-2C85-4004-8E4A-6FD1242B8667}.Debug|Any CPU.ActiveCfg = Debug|Any CPU
		{6D26F189-2C85-4004-8E4A-6FD1242B8667}.Debug|Any CPU.Build.0 = Debug|Any CPU
		{6D26F189-2C85-4004-8E4A-6FD1242B8667}.Debug|x86.ActiveCfg = Debug|x86
		{6D26F189-2C85-4004-8E4A-6FD1242B8667}.Debug|x86.Build.0 = Debug|x86
		{6D26F189-2C85-4004-8E4A-6FD1242B8667}.Release|Any CPU.ActiveCfg = Release|Any CPU
		{6D26F189-2C85-4004-8E4A-6FD1242B8667}.Release|Any CPU.Build.0 = Release|Any CPU
		{6D26F189-2C85-4004-8E4A-6FD1242B8667}.Release|x86.ActiveCfg = Release|x86
		{6D26F189-2C85-4004-8E4A-6FD1242B8667}.Release|x86.Build.0 = Release|x86
	EndGlobalSection
	GlobalSection(SolutionProperties) = preSolution
		HideSolutionNode = FALSE
	EndGlobalSection
	GlobalSection(ExtensibilityGlobals) = postSolution
		SolutionGuid = {36E97FF7-A192-4209-8401-B3E17F4DBE1B}
	EndGlobalSection
EndGlobal
